
Microsoft Visual Studio Solution File, Format Version 12.00
# Visual Studio Version 16
VisualStudioVersion = 16.0.31005.135
MinimumVisualStudioVersion = 10.0.40219.1
Project("{FAE04EC0-301F-11D3-BF4B-00C04F79EFBC}") = "LinkedList", "LinkedList\LinkedList.csproj", "{F7E3F4E6-8D03-4D51-AC22-E5AD9A917D01}"
EndProject
Global
	GlobalSection(SolutionConfigurationPlatforms) = preSolution
		Debug|Any CPU = Debug|Any CPU
		Release|Any CPU = Release|Any CPU
	EndGlobalSection
	GlobalSection(ProjectConfigurationPlatforms) = postSolution
		{F7E3F4E6-8D03-4D51-AC22-E5AD9A917D01}.Debug|Any CPU.ActiveCfg = Debug|Any CPU
		{F7E3F4E6-8D03-4D51-AC22-E5AD9A917D01}.Debug|Any CPU.Build.0 = Debug|Any CPU
		{F7E3F4E6-8D03-4D51-AC22-E5AD9A917D01}.Release|Any CPU.ActiveCfg = Release|Any CPU
		{F7E3F4E6-8D03-4D51-AC22-E5AD9A917D01}.Release|Any CPU.Build.0 = Release|Any CPU
	EndGlobalSection
	GlobalSection(SolutionProperties) = preSolution
		HideSolutionNode = FALSE
	EndGlobalSection
	GlobalSection(ExtensibilityGlobals) = postSolution
		SolutionGuid = {D80585A1-4265-4E6E-94A1-F3084974980C}
	EndGlobalSection
EndGlobal
